
Microsoft Visual Studio Solution File, Format Version 12.00
# Visual Studio 2013
VisualStudioVersion = 12.0.31101.0
MinimumVisualStudioVersion = 10.0.40219.1
Project("{FAE04EC0-301F-11D3-BF4B-00C04F79EFBC}") = "TextMatch", "TextMatch\TextMatch.csproj", "{02D219B1-B9B2-4E41-8675-83343BDDAB36}"
EndProject
Project("{FAE04EC0-301F-11D3-BF4B-00C04F79EFBC}") = "TextMatch.Tests", "TextMatch.Tests\TextMatch.Tests.csproj", "{EA0CED07-E43F-47B6-B6BF-496B968E6744}"
EndProject
Global
	GlobalSection(SolutionConfigurationPlatforms) = preSolution
		Debug|Any CPU = Debug|Any CPU
		Release|Any CPU = Release|Any CPU
	EndGlobalSection
	GlobalSection(ProjectConfigurationPlatforms) = postSolution
		{02D219B1-B9B2-4E41-8675-83343BDDAB36}.Debug|Any CPU.ActiveCfg = Debug|Any CPU
		{02D219B1-B9B2-4E41-8675-83343BDDAB36}.Debug|Any CPU.Build.0 = Debug|Any CPU
		{02D219B1-B9B2-4E41-8675-83343BDDAB36}.Release|Any CPU.ActiveCfg = Release|Any CPU
		{02D219B1-B9B2-4E41-8675-83343BDDAB36}.Release|Any CPU.Build.0 = Release|Any CPU
		{EA0CED07-E43F-47B6-B6BF-496B968E6744}.Debug|Any CPU.ActiveCfg = Debug|Any CPU
		{EA0CED07-E43F-47B6-B6BF-496B968E6744}.Debug|Any CPU.Build.0 = Debug|Any CPU
		{EA0CED07-E43F-47B6-B6BF-496B968E6744}.Release|Any CPU.ActiveCfg = Release|Any CPU
		{EA0CED07-E43F-47B6-B6BF-496B968E6744}.Release|Any CPU.Build.0 = Release|Any CPU
	EndGlobalSection
	GlobalSection(SolutionProperties) = preSolution
		HideSolutionNode = FALSE
	EndGlobalSection
EndGlobal
